PODS:
  - GPUImage (0.1.7)
  - TesseractOCRiOS (4.0.0)

DEPENDENCIES:
  - GPUImage
  - TesseractOCRiOS (= 4.0.0)

SPEC CHECKSUMS:
  GPUImage: 733a5f0fab92df9de1c37ba9df520a833ccb406d
  TesseractOCRiOS: 90638afbe43d082433f2e76b384c7901d23956df

PODFILE CHECKSUM: 37a55192193a4175194001c20a7c1329bc9950ef

COCOAPODS: 1.4.0.beta.1
